
Microsoft Visual Studio Solution File, Format Version 12.00
# Visual Studio Version 17
VisualStudioVersion = 17.1.32210.238
MinimumVisualStudioVersion = 10.0.40219.1
Project("{FAE04EC0-301F-11D3-BF4B-00C04F79EFBC}") = "Uppgift 2.13", "Uppgift 2.13\Uppgift 2.13.csproj", "{452F5F0B-4302-4858-8DAF-5D2293FF3C99}"
EndProject
Global
	GlobalSection(SolutionConfigurationPlatforms) = preSolution
		Debug|Any CPU = Debug|Any CPU
		Release|Any CPU = Release|Any CPU
	EndGlobalSection
	GlobalSection(ProjectConfigurationPlatforms) = postSolution
		{452F5F0B-4302-4858-8DAF-5D2293FF3C99}.Debug|Any CPU.ActiveCfg = Debug|Any CPU
		{452F5F0B-4302-4858-8DAF-5D2293FF3C99}.Debug|Any CPU.Build.0 = Debug|Any CPU
		{452F5F0B-4302-4858-8DAF-5D2293FF3C99}.Release|Any CPU.ActiveCfg = Release|Any CPU
		{452F5F0B-4302-4858-8DAF-5D2293FF3C99}.Release|Any CPU.Build.0 = Release|Any CPU
	EndGlobalSection
	GlobalSection(SolutionProperties) = preSolution
		HideSolutionNode = FALSE
	EndGlobalSection
	GlobalSection(ExtensibilityGlobals) = postSolution
		SolutionGuid = {A68443EE-7B3D-4CA1-A3BC-AE4BE5E27088}
	EndGlobalSection
EndGlobal
